
Microsoft Visual Studio Solution File, Format Version 12.00
# Visual Studio 15
VisualStudioVersion = 15.0.28307.539
MinimumVisualStudioVersion = 10.0.40219.1
Project("{FAE04EC0-301F-11D3-BF4B-00C04F79EFBC}") = "Entidades", "Entidades\Entidades.csproj", "{97FB0F7E-DBEB-4B81-9BA8-19E2E55AB36F}"
EndProject
Project("{FAE04EC0-301F-11D3-BF4B-00C04F79EFBC}") = "MiCalculadora", "MiCalculadora\MiCalculadora.csproj", "{2CCE332C-0C98-42B4-94C1-BB3C76AEFEFA}"
EndProject
Global
	GlobalSection(SolutionConfigurationPlatforms) = preSolution
		Debug|Any CPU = Debug|Any CPU
		Release|Any CPU = Release|Any CPU
	EndGlobalSection
	GlobalSection(ProjectConfigurationPlatforms) = postSolution
		{97FB0F7E-DBEB-4B81-9BA8-19E2E55AB36F}.Debug|Any CPU.ActiveCfg = Debug|Any CPU
		{97FB0F7E-DBEB-4B81-9BA8-19E2E55AB36F}.Debug|Any CPU.Build.0 = Debug|Any CPU
		{97FB0F7E-DBEB-4B81-9BA8-19E2E55AB36F}.Release|Any CPU.ActiveCfg = Release|Any CPU
		{97FB0F7E-DBEB-4B81-9BA8-19E2E55AB36F}.Release|Any CPU.Build.0 = Release|Any CPU
		{2CCE332C-0C98-42B4-94C1-BB3C76AEFEFA}.Debug|Any CPU.ActiveCfg = Debug|Any CPU
		{2CCE332C-0C98-42B4-94C1-BB3C76AEFEFA}.Debug|Any CPU.Build.0 = Debug|Any CPU
		{2CCE332C-0C98-42B4-94C1-BB3C76AEFEFA}.Release|Any CPU.ActiveCfg = Release|Any CPU
		{2CCE332C-0C98-42B4-94C1-BB3C76AEFEFA}.Release|Any CPU.Build.0 = Release|Any CPU
	EndGlobalSection
	GlobalSection(SolutionProperties) = preSolution
		HideSolutionNode = FALSE
	EndGlobalSection
	GlobalSection(ExtensibilityGlobals) = postSolution
		SolutionGuid = {FF81A617-C661-4AA1-9D3E-C9477A4D60B8}
	EndGlobalSection
EndGlobal
